// !$*UTF8*$!
{
	archiveVersion = 1;
	classes = {
	};
	objectVersion = 56;
	objects = {

/* Begin PBXBuildFile section */
		020A78852A4D1B7E00DB2041 /* SettingsView.swift in Sources */ = {isa = PBXBuildFile; fileRef = 020A78842A4D1B7D00DB2041 /* SettingsView.swift */; };
		028F5ED92A188715009CBF44 /* SimpleNotesApp.swift in Sources */ = {isa = PBXBuildFile; fileRef = 028F5ED82A188715009CBF44 /* SimpleNotesApp.swift */; };
		028F5EDB2A188715009CBF44 /* ContentView.swift in Sources */ = {isa = PBXBuildFile; fileRef = 028F5EDA2A188715009CBF44 /* ContentView.swift */; };
		028F5EDD2A188716009CBF44 /* Assets.xcassets in Resources */ = {isa = PBXBuildFile; fileRef = 028F5EDC2A188716009CBF44 /* Assets.xcassets */; };
		028F5EE02A188716009CBF44 /* Preview Assets.xcassets in Resources */ = {isa = PBXBuildFile; fileRef = 028F5EDF2A188716009CBF44 /* Preview Assets.xcassets */; };
		028F5EE72A18872E009CBF44 /* NoteListView.swift in Sources */ = {isa = PBXBuildFile; fileRef = 028F5EE62A18872E009CBF44 /* NoteListView.swift */; };
		028F5EE92A188796009CBF44 /* TagListView.swift in Sources */ = {isa = PBXBuildFile; fileRef = 028F5EE82A188796009CBF44 /* TagListView.swift */; };
		028F5EEC2A1930C8009CBF44 /* CoreData.swift in Sources */ = {isa = PBXBuildFile; fileRef = 028F5EEB2A1930C8009CBF44 /* CoreData.swift */; };
		028F5EEF2A1930EB009CBF44 /* SimpleNotesDataModel.xcdatamodeld in Sources */ = {isa = PBXBuildFile; fileRef = 028F5EED2A1930EB009CBF44 /* SimpleNotesDataModel.xcdatamodeld */; };
		028F5EF42A1931F5009CBF44 /* Note+CoreDataClass.swift in Sources */ = {isa = PBXBuildFile; fileRef = 028F5EF02A1931F5009CBF44 /* Note+CoreDataClass.swift */; };
		028F5EF52A1931F5009CBF44 /* Note+CoreDataProperties.swift in Sources */ = {isa = PBXBuildFile; fileRef = 028F5EF12A1931F5009CBF44 /* Note+CoreDataProperties.swift */; };
		028F5EF92A193A5A009CBF44 /* AppDelegate.swift in Sources */ = {isa = PBXBuildFile; fileRef = 028F5EF82A193A5A009CBF44 /* AppDelegate.swift */; };
		028F5EFC2A193C3F009CBF44 /* NoteView.swift in Sources */ = {isa = PBXBuildFile; fileRef = 028F5EFB2A193C3F009CBF44 /* NoteView.swift */; };
		028F5F022A19835E009CBF44 /* NewTagView.swift in Sources */ = {isa = PBXBuildFile; fileRef = 028F5F012A19835E009CBF44 /* NewTagView.swift */; };
		028F5F052A198390009CBF44 /* TextCell.swift in Sources */ = {isa = PBXBuildFile; fileRef = 028F5F042A198390009CBF44 /* TextCell.swift */; };
		028F5F092A1983E1009CBF44 /* ThemeColors.swift in Sources */ = {isa = PBXBuildFile; fileRef = 028F5F082A1983E1009CBF44 /* ThemeColors.swift */; };
		028F5F0B2A19843F009CBF44 /* ButtonStyles.swift in Sources */ = {isa = PBXBuildFile; fileRef = 028F5F0A2A19843F009CBF44 /* ButtonStyles.swift */; };
		028F5F0D2A19847D009CBF44 /* SettingsModels.swift in Sources */ = {isa = PBXBuildFile; fileRef = 028F5F0C2A19847D009CBF44 /* SettingsModels.swift */; };
		028F5F0F2A19C72E009CBF44 /* LinkCell.swift in Sources */ = {isa = PBXBuildFile; fileRef = 028F5F0E2A19C72E009CBF44 /* LinkCell.swift */; };
		028F5F112A1AC505009CBF44 /* SelectTagIconView.swift in Sources */ = {isa = PBXBuildFile; fileRef = 028F5F102A1AC505009CBF44 /* SelectTagIconView.swift */; };
		028F5F132A1BDEB5009CBF44 /* SymbolsData.swift in Sources */ = {isa = PBXBuildFile; fileRef = 028F5F122A1BDEB5009CBF44 /* SymbolsData.swift */; };
		028F5F152A1C6580009CBF44 /* OptionPickerCell.swift in Sources */ = {isa = PBXBuildFile; fileRef = 028F5F142A1C6580009CBF44 /* OptionPickerCell.swift */; };
		028F5F172A1D9AAE009CBF44 /* StepperCell.swift in Sources */ = {isa = PBXBuildFile; fileRef = 028F5F162A1D9AAE009CBF44 /* StepperCell.swift */; };
		028F5F192A1DB2C2009CBF44 /* SliderCell.swift in Sources */ = {isa = PBXBuildFile; fileRef = 028F5F182A1DB2C2009CBF44 /* SliderCell.swift */; };
		028F5F1B2A1E7396009CBF44 /* ToggleCell.swift in Sources */ = {isa = PBXBuildFile; fileRef = 028F5F1A2A1E7396009CBF44 /* ToggleCell.swift */; };
		028F5F1D2A1E749E009CBF44 /* CustomCell.swift in Sources */ = {isa = PBXBuildFile; fileRef = 028F5F1C2A1E749E009CBF44 /* CustomCell.swift */; };
		02AC69022A7371E600F4BEEA /* SortMethods.swift in Sources */ = {isa = PBXBuildFile; fileRef = 02AC69012A7371E600F4BEEA /* SortMethods.swift */; };
		02AC69042A75BA3000F4BEEA /* Tools.swift in Sources */ = {isa = PBXBuildFile; fileRef = 02AC69032A75BA3000F4BEEA /* Tools.swift */; };
		02AC69062A75BDEA00F4BEEA /* DrawingView.swift in Sources */ = {isa = PBXBuildFile; fileRef = 02AC69052A75BDEA00F4BEEA /* DrawingView.swift */; };
		02D3D0632A48D6DE00A3BB13 /* Color.swift in Sources */ = {isa = PBXBuildFile; fileRef = 02D3D0622A48D6DE00A3BB13 /* Color.swift */; };
		02D3D0672A49337600A3BB13 /* Tag+CoreDataClass.swift in Sources */ = {isa = PBXBuildFile; fileRef = 02D3D0652A49337600A3BB13 /* Tag+CoreDataClass.swift */; };
		02D3D0682A49337600A3BB13 /* Tag+CoreDataProperties.swift in Sources */ = {isa = PBXBuildFile; fileRef = 02D3D0662A49337600A3BB13 /* Tag+CoreDataProperties.swift */; };
		02EA60A42A607F6600BE8C84 /* FlexibleView.swift in Sources */ = {isa = PBXBuildFile; fileRef = 02EA60A32A607F6600BE8C84 /* FlexibleView.swift */; };
		02EA60A62A60BEE200BE8C84 /* AddTagsToNoteView.swift in Sources */ = {isa = PBXBuildFile; fileRef = 02EA60A52A60BEE200BE8C84 /* AddTagsToNoteView.swift */; };
		02EA60A82A60C6DC00BE8C84 /* NoteCell.swift in Sources */ = {isa = PBXBuildFile; fileRef = 02EA60A72A60C6DC00BE8C84 /* NoteCell.swift */; };
		02EA60AB2A60F2F700BE8C84 /* DragAndDropTypes.swift in Sources */ = {isa = PBXBuildFile; fileRef = 02EA60AA2A60F2F700BE8C84 /* DragAndDropTypes.swift */; };
		02EA60AD2A60F3CF00BE8C84 /* TransferableTag.swift in Sources */ = {isa = PBXBuildFile; fileRef = 02EA60AC2A60F3CF00BE8C84 /* TransferableTag.swift */; };
		02EA60B52A6D04A800BE8C84 /* ColorPickerCell.swift in Sources */ = {isa = PBXBuildFile; fileRef = 02EA60B42A6D04A800BE8C84 /* ColorPickerCell.swift */; };
		02EA60B72A71BBDB00BE8C84 /* Page.swift in Sources */ = {isa = PBXBuildFile; fileRef = 02EA60B62A71BBDB00BE8C84 /* Page.swift */; };
/* End PBXBuildFile section */

/* Begin PBXFileReference section */
		020A78842A4D1B7D00DB2041 /* SettingsView.swift */ = {isa = PBXFileReference; lastKnownFileType = sourcecode.swift; path = SettingsView.swift; sourceTree = "<group>"; };
		028F5ED52A188715009CBF44 /* SimpleNotes.app */ = {isa = PBXFileReference; explicitFileType = wrapper.application; includeInIndex = 0; path = SimpleNotes.app; sourceTree = BUILT_PRODUCTS_DIR; };
		028F5ED82A188715009CBF44 /* SimpleNotesApp.swift */ = {isa = PBXFileReference; lastKnownFileType = sourcecode.swift; path = SimpleNotesApp.swift; sourceTree = "<group>"; };
		028F5EDA2A188715009CBF44 /* ContentView.swift */ = {isa = PBXFileReference; lastKnownFileType = sourcecode.swift; path = ContentView.swift; sourceTree = "<group>"; };
		028F5EDC2A188716009CBF44 /* Assets.xcassets */ = {isa = PBXFileReference; lastKnownFileType = folder.assetcatalog; path = Assets.xcassets; sourceTree = "<group>"; };
		028F5EDF2A188716009CBF44 /* Preview Assets.xcassets */ = {isa = PBXFileReference; lastKnownFileType = folder.assetcatalog; path = "Preview Assets.xcassets"; sourceTree = "<group>"; };
		028F5EE62A18872E009CBF44 /* NoteListView.swift */ = {isa = PBXFileReference; lastKnownFileType = sourcecode.swift; path = NoteListView.swift; sourceTree = "<group>"; };
		028F5EE82A188796009CBF44 /* TagListView.swift */ = {isa = PBXFileReference; lastKnownFileType = sourcecode.swift; path = TagListView.swift; sourceTree = "<group>"; };
		028F5EEB2A1930C8009CBF44 /* CoreData.swift */ = {isa = PBXFileReference; lastKnownFileType = sourcecode.swift; path = CoreData.swift; sourceTree = "<group>"; };
		028F5EEE2A1930EB009CBF44 /* SimpleNotesDataModel.xcdatamodel */ = {isa = PBXFileReference; lastKnownFileType = wrapper.xcdatamodel; path = SimpleNotesDataModel.xcdatamodel; sourceTree = "<group>"; };
		028F5EF02A1931F5009CBF44 /* Note+CoreDataClass.swift */ = {isa = PBXFileReference; lastKnownFileType = sourcecode.swift; path = "Note+CoreDataClass.swift"; sourceTree = SOURCE_ROOT; };
		028F5EF12A1931F5009CBF44 /* Note+CoreDataProperties.swift */ = {isa = PBXFileReference; lastKnownFileType = sourcecode.swift; path = "Note+CoreDataProperties.swift"; sourceTree = SOURCE_ROOT; };
		028F5EF82A193A5A009CBF44 /* AppDelegate.swift */ = {isa = PBXFileReference; lastKnownFileType = sourcecode.swift; path = AppDelegate.swift; sourceTree = "<group>"; };
		028F5EFB2A193C3F009CBF44 /* NoteView.swift */ = {isa = PBXFileReference; lastKnownFileType = sourcecode.swift; path = NoteView.swift; sourceTree = "<group>"; };
		028F5F012A19835E009CBF44 /* NewTagView.swift */ = {isa = PBXFileReference; lastKnownFileType = sourcecode.swift; path = NewTagView.swift; sourceTree = "<group>"; };
		028F5F042A198390009CBF44 /* TextCell.swift */ = {isa = PBXFileReference; lastKnownFileType = sourcecode.swift; path = TextCell.swift; sourceTree = "<group>"; };
		028F5F082A1983E1009CBF44 /* ThemeColors.swift */ = {isa = PBXFileReference; lastKnownFileType = sourcecode.swift; path = ThemeColors.swift; sourceTree = "<group>"; };
		028F5F0A2A19843F009CBF44 /* ButtonStyles.swift */ = {isa = PBXFileReference; lastKnownFileType = sourcecode.swift; path = ButtonStyles.swift; sourceTree = "<group>"; };
		028F5F0C2A19847D009CBF44 /* SettingsModels.swift */ = {isa = PBXFileReference; lastKnownFileType = sourcecode.swift; path = SettingsModels.swift; sourceTree = "<group>"; };
		028F5F0E2A19C72E009CBF44 /* LinkCell.swift */ = {isa = PBXFileReference; lastKnownFileType = sourcecode.swift; path = LinkCell.swift; sourceTree = "<group>"; };
		028F5F102A1AC505009CBF44 /* SelectTagIconView.swift */ = {isa = PBXFileReference; lastKnownFileType = sourcecode.swift; path = SelectTagIconView.swift; sourceTree = "<group>"; };
		028F5F122A1BDEB5009CBF44 /* SymbolsData.swift */ = {isa = PBXFileReference; lastKnownFileType = sourcecode.swift; path = SymbolsData.swift; sourceTree = "<group>"; };
		028F5F142A1C6580009CBF44 /* OptionPickerCell.swift */ = {isa = PBXFileReference; lastKnownFileType = sourcecode.swift; path = OptionPickerCell.swift; sourceTree = "<group>"; };
		028F5F162A1D9AAE009CBF44 /* StepperCell.swift */ = {isa = PBXFileReference; lastKnownFileType = sourcecode.swift; path = StepperCell.swift; sourceTree = "<group>"; };
		028F5F182A1DB2C2009CBF44 /* SliderCell.swift */ = {isa = PBXFileReference; lastKnownFileType = sourcecode.swift; path = SliderCell.swift; sourceTree = "<group>"; };
		028F5F1A2A1E7396009CBF44 /* ToggleCell.swift */ = {isa = PBXFileReference; lastKnownFileType = sourcecode.swift; path = ToggleCell.swift; sourceTree = "<group>"; };
		028F5F1C2A1E749E009CBF44 /* CustomCell.swift */ = {isa = PBXFileReference; lastKnownFileType = sourcecode.swift; path = CustomCell.swift; sourceTree = "<group>"; };
		02AC69012A7371E600F4BEEA /* SortMethods.swift */ = {isa = PBXFileReference; lastKnownFileType = sourcecode.swift; path = SortMethods.swift; sourceTree = "<group>"; };
		02AC69032A75BA3000F4BEEA /* Tools.swift */ = {isa = PBXFileReference; lastKnownFileType = sourcecode.swift; path = Tools.swift; sourceTree = "<group>"; };
		02AC69052A75BDEA00F4BEEA /* DrawingView.swift */ = {isa = PBXFileReference; lastKnownFileType = sourcecode.swift; path = DrawingView.swift; sourceTree = "<group>"; };
		02D3D0622A48D6DE00A3BB13 /* Color.swift */ = {isa = PBXFileReference; lastKnownFileType = sourcecode.swift; path = Color.swift; sourceTree = "<group>"; };
		02D3D0652A49337600A3BB13 /* Tag+CoreDataClass.swift */ = {isa = PBXFileReference; lastKnownFileType = sourcecode.swift; path = "Tag+CoreDataClass.swift"; sourceTree = SOURCE_ROOT; };
		02D3D0662A49337600A3BB13 /* Tag+CoreDataProperties.swift */ = {isa = PBXFileReference; lastKnownFileType = sourcecode.swift; path = "Tag+CoreDataProperties.swift"; sourceTree = SOURCE_ROOT; };
		02EA60A32A607F6600BE8C84 /* FlexibleView.swift */ = {isa = PBXFileReference; lastKnownFileType = sourcecode.swift; path = FlexibleView.swift; sourceTree = "<group>"; };
		02EA60A52A60BEE200BE8C84 /* AddTagsToNoteView.swift */ = {isa = PBXFileReference; lastKnownFileType = sourcecode.swift; path = AddTagsToNoteView.swift; sourceTree = "<group>"; };
		02EA60A72A60C6DC00BE8C84 /* NoteCell.swift */ = {isa = PBXFileReference; lastKnownFileType = sourcecode.swift; path = NoteCell.swift; sourceTree = "<group>"; };
		02EA60A92A60F28400BE8C84 /* Info.plist */ = {isa = PBXFileReference; lastKnownFileType = text.plist; path = Info.plist; sourceTree = "<group>"; };
		02EA60AA2A60F2F700BE8C84 /* DragAndDropTypes.swift */ = {isa = PBXFileReference; lastKnownFileType = sourcecode.swift; path = DragAndDropTypes.swift; sourceTree = "<group>"; };
		02EA60AC2A60F3CF00BE8C84 /* TransferableTag.swift */ = {isa = PBXFileReference; lastKnownFileType = sourcecode.swift; path = TransferableTag.swift; sourceTree = "<group>"; };
		02EA60B42A6D04A800BE8C84 /* ColorPickerCell.swift */ = {isa = PBXFileReference; lastKnownFileType = sourcecode.swift; path = ColorPickerCell.swift; sourceTree = "<group>"; };
		02EA60B62A71BBDB00BE8C84 /* Page.swift */ = {isa = PBXFileReference; lastKnownFileType = sourcecode.swift; path = Page.swift; sourceTree = "<group>"; };
/* End PBXFileReference section */

/* Begin PBXFrameworksBuildPhase section */
		028F5ED22A188715009CBF44 /* Frameworks */ = {
			isa = PBXFrameworksBuildPhase;
			buildActionMask = 2147483647;
			files = (
			);
			runOnlyForDeploymentPostprocessing = 0;
		};
/* End PBXFrameworksBuildPhase section */

/* Begin PBXGroup section */
		028F5ECC2A188715009CBF44 = {
			isa = PBXGroup;
			children = (
				028F5ED72A188715009CBF44 /* SimpleNotes */,
				028F5ED62A188715009CBF44 /* Products */,
			);
			sourceTree = "<group>";
		};
		028F5ED62A188715009CBF44 /* Products */ = {
			isa = PBXGroup;
			children = (
				028F5ED52A188715009CBF44 /* SimpleNotes.app */,
			);
			name = Products;
			sourceTree = "<group>";
		};
		028F5ED72A188715009CBF44 /* SimpleNotes */ = {
			isa = PBXGroup;
			children = (
				02EA60A92A60F28400BE8C84 /* Info.plist */,
				028F5EFE2A195A0D009CBF44 /* Models */,
				028F5EF82A193A5A009CBF44 /* AppDelegate.swift */,
				028F5EEA2A1930B9009CBF44 /* Core Data */,
				028F5ED82A188715009CBF44 /* SimpleNotesApp.swift */,
				028F5EFA2A193C32009CBF44 /* Views */,
				028F5EDC2A188716009CBF44 /* Assets.xcassets */,
				028F5EDE2A188716009CBF44 /* Preview Content */,
			);
			path = SimpleNotes;
			sourceTree = "<group>";
		};
		028F5EDE2A188716009CBF44 /* Preview Content */ = {
			isa = PBXGroup;
			children = (
				028F5EDF2A188716009CBF44 /* Preview Assets.xcassets */,
			);
			path = "Preview Content";
			sourceTree = "<group>";
		};
		028F5EEA2A1930B9009CBF44 /* Core Data */ = {
			isa = PBXGroup;
			children = (
				02D3D0652A49337600A3BB13 /* Tag+CoreDataClass.swift */,
				02D3D0662A49337600A3BB13 /* Tag+CoreDataProperties.swift */,
				028F5EF02A1931F5009CBF44 /* Note+CoreDataClass.swift */,
				028F5EF12A1931F5009CBF44 /* Note+CoreDataProperties.swift */,
				028F5EEB2A1930C8009CBF44 /* CoreData.swift */,
				028F5EED2A1930EB009CBF44 /* SimpleNotesDataModel.xcdatamodeld */,
			);
			path = "Core Data";
			sourceTree = "<group>";
		};
		028F5EFA2A193C32009CBF44 /* Views */ = {
			isa = PBXGroup;
			children = (
				028F5EE62A18872E009CBF44 /* NoteListView.swift */,
				028F5EDA2A188715009CBF44 /* ContentView.swift */,
				028F5EE82A188796009CBF44 /* TagListView.swift */,
				028F5F012A19835E009CBF44 /* NewTagView.swift */,
				028F5EFB2A193C3F009CBF44 /* NoteView.swift */,
				028F5F102A1AC505009CBF44 /* SelectTagIconView.swift */,
				020A78842A4D1B7D00DB2041 /* SettingsView.swift */,
				02EA60A52A60BEE200BE8C84 /* AddTagsToNoteView.swift */,
				02EA60B62A71BBDB00BE8C84 /* Page.swift */,
				02AC69052A75BDEA00F4BEEA /* DrawingView.swift */,
			);
			path = Views;
			sourceTree = "<group>";
		};
		028F5EFE2A195A0D009CBF44 /* Models */ = {
			isa = PBXGroup;
			children = (
				028F5F032A19836B009CBF44 /* Cells */,
				028F5F082A1983E1009CBF44 /* ThemeColors.swift */,
				028F5F0A2A19843F009CBF44 /* ButtonStyles.swift */,
				028F5F0C2A19847D009CBF44 /* SettingsModels.swift */,
				028F5F122A1BDEB5009CBF44 /* SymbolsData.swift */,
				02D3D0642A48D6E200A3BB13 /* Extensions */,
				02EA60A32A607F6600BE8C84 /* FlexibleView.swift */,
				02EA60A72A60C6DC00BE8C84 /* NoteCell.swift */,
				02AC69012A7371E600F4BEEA /* SortMethods.swift */,
				02AC69032A75BA3000F4BEEA /* Tools.swift */,
			);
			path = Models;
			sourceTree = "<group>";
		};
		028F5F032A19836B009CBF44 /* Cells */ = {
			isa = PBXGroup;
			children = (
				028F5F042A198390009CBF44 /* TextCell.swift */,
				028F5F142A1C6580009CBF44 /* OptionPickerCell.swift */,
				028F5F182A1DB2C2009CBF44 /* SliderCell.swift */,
				028F5F1A2A1E7396009CBF44 /* ToggleCell.swift */,
				028F5F0E2A19C72E009CBF44 /* LinkCell.swift */,
				028F5F162A1D9AAE009CBF44 /* StepperCell.swift */,
				028F5F1C2A1E749E009CBF44 /* CustomCell.swift */,
				02EA60B42A6D04A800BE8C84 /* ColorPickerCell.swift */,
			);
			path = Cells;
			sourceTree = "<group>";
		};
		02D3D0642A48D6E200A3BB13 /* Extensions */ = {
			isa = PBXGroup;
			children = (
				02D3D0622A48D6DE00A3BB13 /* Color.swift */,
				02EA60AA2A60F2F700BE8C84 /* DragAndDropTypes.swift */,
				02EA60AC2A60F3CF00BE8C84 /* TransferableTag.swift */,
			);
			path = Extensions;
			sourceTree = "<group>";
		};
/* End PBXGroup section */

/* Begin PBXNativeTarget section */
		028F5ED42A188715009CBF44 /* SimpleNotes */ = {
			isa = PBXNativeTarget;
			buildConfigurationList = 028F5EE32A188716009CBF44 /* Build configuration list for PBXNativeTarget "SimpleNotes" */;
			buildPhases = (
				028F5ED12A188715009CBF44 /* Sources */,
				028F5ED22A188715009CBF44 /* Frameworks */,
				028F5ED32A188715009CBF44 /* Resources */,
			);
			buildRules = (
			);
			dependencies = (
			);
			name = SimpleNotes;
			productName = SimpleNotes;
			productReference = 028F5ED52A188715009CBF44 /* SimpleNotes.app */;
			productType = "com.apple.product-type.application";
		};
/* End PBXNativeTarget section */

/* Begin PBXProject section */
		028F5ECD2A188715009CBF44 /* Project object */ = {
			isa = PBXProject;
			attributes = {
				BuildIndependentTargetsInParallel = 1;
				LastSwiftUpdateCheck = 1420;
				LastUpgradeCheck = 1420;
				TargetAttributes = {
					028F5ED42A188715009CBF44 = {
						CreatedOnToolsVersion = 14.2;
					};
				};
			};
			buildConfigurationList = 028F5ED02A188715009CBF44 /* Build configuration list for PBXProject "SimpleNotes" */;
			compatibilityVersion = "Xcode 14.0";
			developmentRegion = en;
			hasScannedForEncodings = 0;
			knownRegions = (
				en,
				Base,
			);
			mainGroup = 028F5ECC2A188715009CBF44;
			productRefGroup = 028F5ED62A188715009CBF44 /* Products */;
			projectDirPath = "";
			projectRoot = "";
			targets = (
				028F5ED42A188715009CBF44 /* SimpleNotes */,
			);
		};
/* End PBXProject section */

/* Begin PBXResourcesBuildPhase section */
		028F5ED32A188715009CBF44 /* Resources */ = {
			isa = PBXResourcesBuildPhase;
			buildActionMask = 2147483647;
			files = (
				028F5EE02A188716009CBF44 /* Preview Assets.xcassets in Resources */,
				028F5EDD2A188716009CBF44 /* Assets.xcassets in Resources */,
			);
			runOnlyForDeploymentPostprocessing = 0;
		};
/* End PBXResourcesBuildPhase section */

/* Begin PBXSourcesBuildPhase section */
		028F5ED12A188715009CBF44 /* Sources */ = {
			isa = PBXSourcesBuildPhase;
			buildActionMask = 2147483647;
			files = (
				028F5EF92A193A5A009CBF44 /* AppDelegate.swift in Sources */,
				028F5EDB2A188715009CBF44 /* ContentView.swift in Sources */,
				02EA60A62A60BEE200BE8C84 /* AddTagsToNoteView.swift in Sources */,
				028F5EFC2A193C3F009CBF44 /* NoteView.swift in Sources */,
				02AC69062A75BDEA00F4BEEA /* DrawingView.swift in Sources */,
				028F5F172A1D9AAE009CBF44 /* StepperCell.swift in Sources */,
				028F5EF52A1931F5009CBF44 /* Note+CoreDataProperties.swift in Sources */,
				028F5EF42A1931F5009CBF44 /* Note+CoreDataClass.swift in Sources */,
				028F5EEF2A1930EB009CBF44 /* SimpleNotesDataModel.xcdatamodeld in Sources */,
				02EA60AD2A60F3CF00BE8C84 /* TransferableTag.swift in Sources */,
				028F5F132A1BDEB5009CBF44 /* SymbolsData.swift in Sources */,
				02D3D0682A49337600A3BB13 /* Tag+CoreDataProperties.swift in Sources */,
				02D3D0672A49337600A3BB13 /* Tag+CoreDataClass.swift in Sources */,
				028F5F112A1AC505009CBF44 /* SelectTagIconView.swift in Sources */,
				02EA60AB2A60F2F700BE8C84 /* DragAndDropTypes.swift in Sources */,
				02EA60B52A6D04A800BE8C84 /* ColorPickerCell.swift in Sources */,
				02AC69042A75BA3000F4BEEA /* Tools.swift in Sources */,
				028F5F152A1C6580009CBF44 /* OptionPickerCell.swift in Sources */,
				028F5F0F2A19C72E009CBF44 /* LinkCell.swift in Sources */,
				028F5ED92A188715009CBF44 /* SimpleNotesApp.swift in Sources */,
				02EA60A82A60C6DC00BE8C84 /* NoteCell.swift in Sources */,
				028F5F022A19835E009CBF44 /* NewTagView.swift in Sources */,
				028F5F1D2A1E749E009CBF44 /* CustomCell.swift in Sources */,
				028F5F052A198390009CBF44 /* TextCell.swift in Sources */,
				02EA60B72A71BBDB00BE8C84 /* Page.swift in Sources */,
				02AC69022A7371E600F4BEEA /* SortMethods.swift in Sources */,
				02D3D0632A48D6DE00A3BB13 /* Color.swift in Sources */,
				028F5F0D2A19847D009CBF44 /* SettingsModels.swift in Sources */,
				028F5EE72A18872E009CBF44 /* NoteListView.swift in Sources */,
				028F5EE92A188796009CBF44 /* TagListView.swift in Sources */,
				020A78852A4D1B7E00DB2041 /* SettingsView.swift in Sources */,
				028F5F0B2A19843F009CBF44 /* ButtonStyles.swift in Sources */,
				028F5F092A1983E1009CBF44 /* ThemeColors.swift in Sources */,
				028F5F192A1DB2C2009CBF44 /* SliderCell.swift in Sources */,
				028F5EEC2A1930C8009CBF44 /* CoreData.swift in Sources */,
				02EA60A42A607F6600BE8C84 /* FlexibleView.swift in Sources */,
				028F5F1B2A1E7396009CBF44 /* ToggleCell.swift in Sources */,
			);
			runOnlyForDeploymentPostprocessing = 0;
		};
/* End PBXSourcesBuildPhase section */

/* Begin XCBuildConfiguration section */
		028F5EE12A188716009CBF44 /* Debug */ = {
			isa = XCBuildConfiguration;
			buildSettings = {
				ALWAYS_SEARCH_USER_PATHS = NO;
				CLANG_ANALYZER_NONNULL = YES;
				CLANG_ANALYZER_NUMBER_OBJECT_CONVERSION = YES_AGGRESSIVE;
				CLANG_CXX_LANGUAGE_STANDARD = "gnu++20";
				CLANG_ENABLE_MODULES = YES;
				CLANG_ENABLE_OBJC_ARC = YES;
				CLANG_ENABLE_OBJC_WEAK = YES;
				CLANG_WARN_BLOCK_CAPTURE_AUTORELEASING = YES;
				CLANG_WARN_BOOL_CONVERSION = YES;
				CLANG_WARN_COMMA = YES;
				CLANG_WARN_CONSTANT_CONVERSION = YES;
				CLANG_WARN_DEPRECATED_OBJC_IMPLEMENTATIONS = YES;
				CLANG_WARN_DIRECT_OBJC_ISA_USAGE = YES_ERROR;
				CLANG_WARN_DOCUMENTATION_COMMENTS = YES;
				CLANG_WARN_EMPTY_BODY = YES;
				CLANG_WARN_ENUM_CONVERSION = YES;
				CLANG_WARN_INFINITE_RECURSION = YES;
				CLANG_WARN_INT_CONVERSION = YES;
				CLANG_WARN_NON_LITERAL_NULL_CONVERSION = YES;
				CLANG_WARN_OBJC_IMPLICIT_RETAIN_SELF = YES;
				CLANG_WARN_OBJC_LITERAL_CONVERSION = YES;
				CLANG_WARN_OBJC_ROOT_CLASS = YES_ERROR;
				CLANG_WARN_QUOTED_INCLUDE_IN_FRAMEWORK_HEADER = YES;
				CLANG_WARN_RANGE_LOOP_ANALYSIS = YES;
				CLANG_WARN_STRICT_PROTOTYPES = YES;
				CLANG_WARN_SUSPICIOUS_MOVE = YES;
				CLANG_WARN_UNGUARDED_AVAILABILITY = YES_AGGRESSIVE;
				CLANG_WARN_UNREACHABLE_CODE = YES;
				CLANG_WARN__DUPLICATE_METHOD_MATCH = YES;
				COPY_PHASE_STRIP = NO;
				DEBUG_INFORMATION_FORMAT = dwarf;
				ENABLE_STRICT_OBJC_MSGSEND = YES;
				ENABLE_TESTABILITY = YES;
				GCC_C_LANGUAGE_STANDARD = gnu11;
				GCC_DYNAMIC_NO_PIC = NO;
				GCC_NO_COMMON_BLOCKS = YES;
				GCC_OPTIMIZATION_LEVEL = 0;
				GCC_PREPROCESSOR_DEFINITIONS = (
					"DEBUG=1",
					"$(inherited)",
				);
				GCC_WARN_64_TO_32_BIT_CONVERSION = YES;
				GCC_WARN_ABOUT_RETURN_TYPE = YES_ERROR;
				GCC_WARN_UNDECLARED_SELECTOR = YES;
				GCC_WARN_UNINITIALIZED_AUTOS = YES_AGGRESSIVE;
				GCC_WARN_UNUSED_FUNCTION = YES;
				GCC_WARN_UNUSED_VARIABLE = YES;
				IPHONEOS_DEPLOYMENT_TARGET = 16.2;
				MTL_ENABLE_DEBUG_INFO = INCLUDE_SOURCE;
				MTL_FAST_MATH = YES;
				ONLY_ACTIVE_ARCH = YES;
				SDKROOT = iphoneos;
				SWIFT_ACTIVE_COMPILATION_CONDITIONS = DEBUG;
				SWIFT_OPTIMIZATION_LEVEL = "-Onone";
			};
			name = Debug;
		};
		028F5EE22A188716009CBF44 /* Release */ = {
			isa = XCBuildConfiguration;
			buildSettings = {
				ALWAYS_SEARCH_USER_PATHS = NO;
				CLANG_ANALYZER_NONNULL = YES;
				CLANG_ANALYZER_NUMBER_OBJECT_CONVERSION = YES_AGGRESSIVE;
				CLANG_CXX_LANGUAGE_STANDARD = "gnu++20";
				CLANG_ENABLE_MODULES = YES;
				CLANG_ENABLE_OBJC_ARC = YES;
				CLANG_ENABLE_OBJC_WEAK = YES;
				CLANG_WARN_BLOCK_CAPTURE_AUTORELEASING = YES;
				CLANG_WARN_BOOL_CONVERSION = YES;
				CLANG_WARN_COMMA = YES;
				CLANG_WARN_CONSTANT_CONVERSION = YES;
				CLANG_WARN_DEPRECATED_OBJC_IMPLEMENTATIONS = YES;
				CLANG_WARN_DIRECT_OBJC_ISA_USAGE = YES_ERROR;
				CLANG_WARN_DOCUMENTATION_COMMENTS = YES;
				CLANG_WARN_EMPTY_BODY = YES;
				CLANG_WARN_ENUM_CONVERSION = YES;
				CLANG_WARN_INFINITE_RECURSION = YES;
				CLANG_WARN_INT_CONVERSION = YES;
				CLANG_WARN_NON_LITERAL_NULL_CONVERSION = YES;
				CLANG_WARN_OBJC_IMPLICIT_RETAIN_SELF = YES;
				CLANG_WARN_OBJC_LITERAL_CONVERSION = YES;
				CLANG_WARN_OBJC_ROOT_CLASS = YES_ERROR;
				CLANG_WARN_QUOTED_INCLUDE_IN_FRAMEWORK_HEADER = YES;
				CLANG_WARN_RANGE_LOOP_ANALYSIS = YES;
				CLANG_WARN_STRICT_PROTOTYPES = YES;
				CLANG_WARN_SUSPICIOUS_MOVE = YES;
				CLANG_WARN_UNGUARDED_AVAILABILITY = YES_AGGRESSIVE;
				CLANG_WARN_UNREACHABLE_CODE = YES;
				CLANG_WARN__DUPLICATE_METHOD_MATCH = YES;
				COPY_PHASE_STRIP = NO;
				DEBUG_INFORMATION_FORMAT = "dwarf-with-dsym";
				ENABLE_NS_ASSERTIONS = NO;
				ENABLE_STRICT_OBJC_MSGSEND = YES;
				GCC_C_LANGUAGE_STANDARD = gnu11;
				GCC_NO_COMMON_BLOCKS = YES;
				GCC_WARN_64_TO_32_BIT_CONVERSION = YES;
				GCC_WARN_ABOUT_RETURN_TYPE = YES_ERROR;
				GCC_WARN_UNDECLARED_SELECTOR = YES;
				GCC_WARN_UNINITIALIZED_AUTOS = YES_AGGRESSIVE;
				GCC_WARN_UNUSED_FUNCTION = YES;
				GCC_WARN_UNUSED_VARIABLE = YES;
				IPHONEOS_DEPLOYMENT_TARGET = 16.2;
				MTL_ENABLE_DEBUG_INFO = NO;
				MTL_FAST_MATH = YES;
				SDKROOT = iphoneos;
				SWIFT_COMPILATION_MODE = wholemodule;
				SWIFT_OPTIMIZATION_LEVEL = "-O";
				VALIDATE_PRODUCT = YES;
			};
			name = Release;
		};
		028F5EE42A188716009CBF44 /* Debug */ = {
			isa = XCBuildConfiguration;
			buildSettings = {
				ASSETCATALOG_COMPILER_APPICON_NAME = AppIcon;
				ASSETCATALOG_COMPILER_GLOBAL_ACCENT_COLOR_NAME = AccentColor;
				CODE_SIGN_STYLE = Automatic;
				CURRENT_PROJECT_VERSION = 1;
				DEVELOPMENT_ASSET_PATHS = "\"SimpleNotes/Preview Content\"";
				DEVELOPMENT_TEAM = 7UHNX49SSD;
				ENABLE_PREVIEWS = YES;
				GENERATE_INFOPLIST_FILE = YES;
				INFOPLIST_FILE = SimpleNotes/Info.plist;
				INFOPLIST_KEY_UIApplicationSceneManifest_Generation = YES;
				INFOPLIST_KEY_UIApplicationSupportsIndirectInputEvents = YES;
				INFOPLIST_KEY_UILaunchScreen_Generation = YES;
				INFOPLIST_KEY_UISupportedInterfaceOrientations_iPad = "UIInterfaceOrientationPortrait UIInterfaceOrientationPortraitUpsideDown UIInterfaceOrientationLandscapeLeft UIInterfaceOrientationLandscapeRight";
				INFOPLIST_KEY_UISupportedInterfaceOrientations_iPhone = "UIInterfaceOrientationPortrait UIInterfaceOrientationLandscapeLeft UIInterfaceOrientationLandscapeRight";
				LD_RUNPATH_SEARCH_PATHS = (
					"$(inherited)",
					"@executable_path/Frameworks",
				);
				MARKETING_VERSION = 1.0;
				PRODUCT_BUNDLE_IDENTIFIER = com.jkozar.SimpleNotes;
				PRODUCT_NAME = "$(TARGET_NAME)";
				SWIFT_EMIT_LOC_STRINGS = YES;
				SWIFT_VERSION = 5.0;
				TARGETED_DEVICE_FAMILY = "1,2";
			};
			name = Debug;
		};
		028F5EE52A188716009CBF44 /* Release */ = {
			isa = XCBuildConfiguration;
			buildSettings = {
				ASSETCATALOG_COMPILER_APPICON_NAME = AppIcon;
				ASSETCATALOG_COMPILER_GLOBAL_ACCENT_COLOR_NAME = AccentColor;
				CODE_SIGN_STYLE = Automatic;
				CURRENT_PROJECT_VERSION = 1;
				DEVELOPMENT_ASSET_PATHS = "\"SimpleNotes/Preview Content\"";
				DEVELOPMENT_TEAM = 7UHNX49SSD;
				ENABLE_PREVIEWS = YES;
				GENERATE_INFOPLIST_FILE = YES;
				INFOPLIST_FILE = SimpleNotes/Info.plist;
				INFOPLIST_KEY_UIApplicationSceneManifest_Generation = YES;
				INFOPLIST_KEY_UIApplicationSupportsIndirectInputEvents = YES;
				INFOPLIST_KEY_UILaunchScreen_Generation = YES;
				INFOPLIST_KEY_UISupportedInterfaceOrientations_iPad = "UIInterfaceOrientationPortrait UIInterfaceOrientationPortraitUpsideDown UIInterfaceOrientationLandscapeLeft UIInterfaceOrientationLandscapeRight";
				INFOPLIST_KEY_UISupportedInterfaceOrientations_iPhone = "UIInterfaceOrientationPortrait UIInterfaceOrientationLandscapeLeft UIInterfaceOrientationLandscapeRight";
				LD_RUNPATH_SEARCH_PATHS = (
					"$(inherited)",
					"@executable_path/Frameworks",
				);
				MARKETING_VERSION = 1.0;
				PRODUCT_BUNDLE_IDENTIFIER = com.jkozar.SimpleNotes;
				PRODUCT_NAME = "$(TARGET_NAME)";
				SWIFT_EMIT_LOC_STRINGS = YES;
				SWIFT_VERSION = 5.0;
				TARGETED_DEVICE_FAMILY = "1,2";
			};
			name = Release;
		};
/* End XCBuildConfiguration section */

/* Begin XCConfigurationList section */
		028F5ED02A188715009CBF44 /* Build configuration list for PBXProject "SimpleNotes" */ = {
			isa = XCConfigurationList;
			buildConfigurations = (
				028F5EE12A188716009CBF44 /* Debug */,
				028F5EE22A188716009CBF44 /* Release */,
			);
			defaultConfigurationIsVisible = 0;
			defaultConfigurationName = Release;
		};
		028F5EE32A188716009CBF44 /* Build configuration list for PBXNativeTarget "SimpleNotes" */ = {
			isa = XCConfigurationList;
			buildConfigurations = (
				028F5EE42A188716009CBF44 /* Debug */,
				028F5EE52A188716009CBF44 /* Release */,
			);
			defaultConfigurationIsVisible = 0;
			defaultConfigurationName = Release;
		};
/* End XCConfigurationList section */

/* Begin XCVersionGroup section */
		028F5EED2A1930EB009CBF44 /* SimpleNotesDataModel.xcdatamodeld */ = {
			isa = XCVersionGroup;
			children = (
				028F5EEE2A1930EB009CBF44 /* SimpleNotesDataModel.xcdatamodel */,
			);
			currentVersion = 028F5EEE2A1930EB009CBF44 /* SimpleNotesDataModel.xcdatamodel */;
			path = SimpleNotesDataModel.xcdatamodeld;
			sourceTree = "<group>";
			versionGroupType = wrapper.xcdatamodel;
		};
/* End XCVersionGroup section */
	};
	rootObject = 028F5ECD2A188715009CBF44 /* Project object */;
}
